
Microsoft Visual Studio Solution File, Format Version 12.00
# Visual Studio Version 16
VisualStudioVersion = 16.0.29709.97
MinimumVisualStudioVersion = 10.0.40219.1
Project("{FAE04EC0-301F-11D3-BF4B-00C04F79EFBC}") = "SwaggerExample", "SwaggerExample\SwaggerExample.csproj", "{FA28890F-505E-4C20-B05E-6E29A6FE4161}"
EndProject
Global
	GlobalSection(SolutionConfigurationPlatforms) = preSolution
		Debug|Any CPU = Debug|Any CPU
		Release|Any CPU = Release|Any CPU
	EndGlobalSection
	GlobalSection(ProjectConfigurationPlatforms) = postSolution
		{FA28890F-505E-4C20-B05E-6E29A6FE4161}.Debug|Any CPU.ActiveCfg = Debug|Any CPU
		{FA28890F-505E-4C20-B05E-6E29A6FE4161}.Debug|Any CPU.Build.0 = Debug|Any CPU
		{FA28890F-505E-4C20-B05E-6E29A6FE4161}.Release|Any CPU.ActiveCfg = Release|Any CPU
		{FA28890F-505E-4C20-B05E-6E29A6FE4161}.Release|Any CPU.Build.0 = Release|Any CPU
	EndGlobalSection
	GlobalSection(SolutionProperties) = preSolution
		HideSolutionNode = FALSE
	EndGlobalSection
	GlobalSection(ExtensibilityGlobals) = postSolution
		SolutionGuid = {145D2099-C87B-4944-85FF-77A60FAC6E88}
	EndGlobalSection
EndGlobal
